{
  "pins" : [
    {
      "identity" : "factory",
      "kind" : "remoteSourceControl",
      "location" : "https://github.com/hmlongco/Factory.git",
      "state" : {
        "revision" : "8d20074d8a5ac79d6902faecbdbafaf0a0326f49",
        "version" : "2.3.0"
      }
    },
    {
      "identity" : "oversizecore",
      "kind" : "remoteSourceControl",
      "location" : "https://github.com/oversizedev/OversizeCore.git",
      "state" : {
        "revision" : "988deea848fb80612858b8a0036b51e919064abf",
        "version" : "1.8.1"
      }
    },
    {
      "identity" : "oversizelocalizable",
      "kind" : "remoteSourceControl",
      "location" : "https://github.com/oversizedev/OversizeLocalizable.git",
      "state" : {
        "revision" : "97db8f8a5bab0a30e021b53773fdf9485e98dd34",
        "version" : "1.5.0"
      }
    },
    {
      "identity" : "oversizeui",
      "kind" : "remoteSourceControl",
      "location" : "https://github.com/oversizedev/OversizeUI.git",
      "state" : {
        "revision" : "707bb509db8d951d7f14f684f2407b656a2e8dd7",
        "version" : "3.3.0"
      }
    },
    {
      "identity" : "swiftgenplugin",
      "kind" : "remoteSourceControl",
      "location" : "https://github.com/SwiftGen/SwiftGenPlugin",
      "state" : {
        "revision" : "879b85a470cacd70c19e22eb7e11a3aed66f4068",
        "version" : "6.6.2"
      }
    }
  ],
  "version" : 2
}
